
Microsoft Visual Studio Solution File, Format Version 12.00
# Visual Studio 15
Project("{D954291E-2A0B-460D-934E-DC6B0785DB48}") = "PopBars", "PopBars\PopBars.shproj", "{589894F1-DC6C-4149-8239-742EC50BA933}"
EndProject
Project("{FAE04EC0-301F-11D3-BF4B-00C04F79EFBC}") = "PopBars.iOS", "iOS\PopBars.iOS.csproj", "{0F01B97C-D9ED-4CCF-B657-1565B94D5C99}"
EndProject
Project("{FAE04EC0-301F-11D3-BF4B-00C04F79EFBC}") = "PopBars.Droid", "Droid\PopBars.Droid.csproj", "{FC93A90F-1C22-4F81-AB8C-F951E51EE073}"
EndProject
Global
	GlobalSection(SolutionConfigurationPlatforms) = preSolution
		Debug|iPhoneSimulator = Debug|iPhoneSimulator
		Release|iPhone = Release|iPhone
		Release|iPhoneSimulator = Release|iPhoneSimulator
		Debug|iPhone = Debug|iPhone
		Debug|Any CPU = Debug|Any CPU
		Release|Any CPU = Release|Any CPU
	EndGlobalSection
	GlobalSection(ProjectConfigurationPlatforms) = postSolution
		{0F01B97C-D9ED-4CCF-B657-1565B94D5C99}.Debug|iPhoneSimulator.ActiveCfg = Debug|iPhoneSimulator
		{0F01B97C-D9ED-4CCF-B657-1565B94D5C99}.Debug|iPhoneSimulator.Build.0 = Debug|iPhoneSimulator
		{0F01B97C-D9ED-4CCF-B657-1565B94D5C99}.Release|iPhone.ActiveCfg = Release|iPhone
		{0F01B97C-D9ED-4CCF-B657-1565B94D5C99}.Release|iPhone.Build.0 = Release|iPhone
		{0F01B97C-D9ED-4CCF-B657-1565B94D5C99}.Release|iPhoneSimulator.ActiveCfg = Release|iPhoneSimulator
		{0F01B97C-D9ED-4CCF-B657-1565B94D5C99}.Release|iPhoneSimulator.Build.0 = Release|iPhoneSimulator
		{0F01B97C-D9ED-4CCF-B657-1565B94D5C99}.Debug|iPhone.ActiveCfg = Debug|iPhone
		{0F01B97C-D9ED-4CCF-B657-1565B94D5C99}.Debug|iPhone.Build.0 = Debug|iPhone
		{0F01B97C-D9ED-4CCF-B657-1565B94D5C99}.Debug|Any CPU.ActiveCfg = Debug|iPhoneSimulator
		{0F01B97C-D9ED-4CCF-B657-1565B94D5C99}.Debug|Any CPU.Build.0 = Debug|iPhoneSimulator
		{0F01B97C-D9ED-4CCF-B657-1565B94D5C99}.Release|Any CPU.ActiveCfg = Release|iPhone
		{0F01B97C-D9ED-4CCF-B657-1565B94D5C99}.Release|Any CPU.Build.0 = Release|iPhone
		{FC93A90F-1C22-4F81-AB8C-F951E51EE073}.Debug|iPhoneSimulator.ActiveCfg = Debug|Any CPU
		{FC93A90F-1C22-4F81-AB8C-F951E51EE073}.Debug|iPhoneSimulator.Build.0 = Debug|Any CPU
		{FC93A90F-1C22-4F81-AB8C-F951E51EE073}.Release|iPhone.ActiveCfg = Release|Any CPU
		{FC93A90F-1C22-4F81-AB8C-F951E51EE073}.Release|iPhone.Build.0 = Release|Any CPU
		{FC93A90F-1C22-4F81-AB8C-F951E51EE073}.Release|iPhoneSimulator.ActiveCfg = Release|Any CPU
		{FC93A90F-1C22-4F81-AB8C-F951E51EE073}.Release|iPhoneSimulator.Build.0 = Release|Any CPU
		{FC93A90F-1C22-4F81-AB8C-F951E51EE073}.Debug|iPhone.ActiveCfg = Debug|Any CPU
		{FC93A90F-1C22-4F81-AB8C-F951E51EE073}.Debug|iPhone.Build.0 = Debug|Any CPU
		{FC93A90F-1C22-4F81-AB8C-F951E51EE073}.Debug|Any CPU.ActiveCfg = Debug|Any CPU
		{FC93A90F-1C22-4F81-AB8C-F951E51EE073}.Debug|Any CPU.Build.0 = Debug|Any CPU
		{FC93A90F-1C22-4F81-AB8C-F951E51EE073}.Release|Any CPU.ActiveCfg = Release|Any CPU
		{FC93A90F-1C22-4F81-AB8C-F951E51EE073}.Release|Any CPU.Build.0 = Release|Any CPU
	EndGlobalSection
EndGlobal
